{
  "name": "optimize-css-assets-webpack-plugin",
  "version": "3.2.0",
  "lockfileVersion": 1,
  "requires": true,
  "dependencies": {
    "@trysound/sax": {
      "version": "0.2.0",
      "resolved": "https://registry.npmjs.org/@trysound/sax/-/sax-0.2.0.tgz",
      "integrity": "sha512-L7z9BgrNEcYyUYtF+HaEfiS5ebkh9jXqbszz7pC0hRBPaatV0XjSD3+eHrpqFemQfgwiFF0QPIarnIihIDn7OA=="
    },
    "boolbase": {
      "version": "1.0.0",
      "resolved": "https://registry.npmjs.org/boolbase/-/boolbase-1.0.0.tgz",
      "integrity": "sha1-aN/1++YMUes3cl6p4+0xDcwed24="
    },
    "browserslist": {
      "version": "4.19.1",
      "resolved": "https://registry.npmjs.org/browserslist/-/browserslist-4.19.1.tgz",
      "integrity": "sha512-u2tbbG5PdKRTUoctO3NBD8FQ5HdPh1ZXPHzp1rwaa5jTc+RV9/+RlWiAIKmjRPQF+xbGM9Kklj5bZQFa2s/38A==",
      "requires": {
        "caniuse-lite": "^1.0.30001286",
        "electron-to-chromium": "^1.4.17",
        "escalade": "^3.1.1",
        "node-releases": "^2.0.1",
        "picocolors": "^1.0.0"
      }
    },
    "caniuse-api": {
      "version": "3.0.0",
      "resolved": "https://registry.npmjs.org/caniuse-api/-/caniuse-api-3.0.0.tgz",
      "integrity": "sha512-bsTwuIg/BZZK/vreVTYYbSWoe2F+71P7K5QGEX+pT250DZbfU1MQ5prOKpPR+LL6uWKK3KMwMCAS74QB3Um1uw==",
      "requires": {
        "browserslist": "^4.0.0",
        "caniuse-lite": "^1.0.0",
        "lodash.memoize": "^4.1.2",
        "lodash.uniq": "^4.5.0"
      }
    },
    "caniuse-lite": {
      "version": "1.0.30001302",
      "resolved": "https://registry.npmjs.org/caniuse-lite/-/caniuse-lite-1.0.30001302.tgz",
      "integrity": "sha512-YYTMO+tfwvgUN+1ZnRViE53Ma1S/oETg+J2lISsqi/ZTNThj3ZYBOKP2rHwJc37oCsPqAzJ3w2puZHn0xlLPPw=="
    },
    "colord": {
      "version": "2.9.2",
      "resolved": "https://registry.npmjs.org/colord/-/colord-2.9.2.tgz",
      "integrity": "sha512-Uqbg+J445nc1TKn4FoDPS6ZZqAvEDnwrH42yo8B40JSOgSLxMZ/gt3h4nmCtPLQeXhjJJkqBx7SCY35WnIixaQ=="
    },
    "commander": {
      "version": "7.2.0",
      "resolved": "https://registry.npmjs.org/commander/-/commander-7.2.0.tgz",
      "integrity": "sha512-QrWXB+ZQSVPmIWIhtEO9H+gwHaMGYiF5ChvoJ+K9ZGHG/sVsa6yiesAD1GC/x46sET00Xlwo1u49RVVVzvcSkw=="
    },
    "css-declaration-sorter": {
      "version": "6.1.4",
      "resolved": "https://registry.npmjs.org/css-declaration-sorter/-/css-declaration-sorter-6.1.4.tgz",
      "integrity": "sha512-lpfkqS0fctcmZotJGhnxkIyJWvBXgpyi2wsFd4J8VB7wzyrT6Ch/3Q+FMNJpjK4gu1+GN5khOnpU2ZVKrLbhCw==",
      "requires": {
        "timsort": "^0.3.0"
      }
    },
    "css-select": {
      "version": "4.2.1",
      "resolved": "https://registry.npmjs.org/css-select/-/css-select-4.2.1.tgz",
      "integrity": "sha512-/aUslKhzkTNCQUB2qTX84lVmfia9NyjP3WpDGtj/WxhwBzWBYUV3DgUpurHTme8UTPcPlAD1DJ+b0nN/t50zDQ==",
      "requires": {
        "boolbase": "^1.0.0",
        "css-what": "^5.1.0",
        "domhandler": "^4.3.0",
        "domutils": "^2.8.0",
        "nth-check": "^2.0.1"
      }
    },
    "css-tree": {
      "version": "1.1.3",
      "resolved": "https://registry.npmjs.org/css-tree/-/css-tree-1.1.3.tgz",
      "integrity": "sha512-tRpdppF7TRazZrjJ6v3stzv93qxRcSsFmW6cX0Zm2NVKpxE1WV1HblnghVv9TreireHkqI/VDEsfolRF1p6y7Q==",
      "requires": {
        "mdn-data": "2.0.14",
        "source-map": "^0.6.1"
      },
      "dependencies": {
        "source-map": {
          "version": "0.6.1",
          "resolved": "https://registry.npmjs.org/source-map/-/source-map-0.6.1.tgz",
          "integrity": "sha512-UjgapumWlbMhkBgzT7Ykc5YXUT46F0iKu8SGXq0bcwP5dz/h0Plj6enJqjz1Zbq2l5WaqYnrVbwWOWMyF3F47g=="
        }
      }
    },
    "css-what": {
      "version": "5.1.0",
      "resolved": "https://registry.npmjs.org/css-what/-/css-what-5.1.0.tgz",
      "integrity": "sha512-arSMRWIIFY0hV8pIxZMEfmMI47Wj3R/aWpZDDxWYCPEiOMv6tfOrnpDtgxBYPEQD4V0Y/958+1TdC3iWTFcUPw=="
    },
    "cssesc": {
      "version": "3.0.0",
      "resolved": "https://registry.npmjs.org/cssesc/-/cssesc-3.0.0.tgz",
      "integrity": "sha512-/Tb/JcjK111nNScGob5MNtsntNM1aCNUDipB/TkwZFhyDrrE47SOx/18wF2bbjgc3ZzCSKW1T5nt5EbFoAz/Vg=="
    },
    "cssnano": {
      "version": "5.0.16",
      "resolved": "https://registry.npmjs.org/cssnano/-/cssnano-5.0.16.tgz",
      "integrity": "sha512-ryhRI9/B9VFCwPbb1z60LLK5/ldoExi7nwdnJzpkLZkm2/r7j2X3jfY+ZvDVJhC/0fPZlrAguYdHNFg0iglPKQ==",
      "requires": {
        "cssnano-preset-default": "^5.1.11",
        "lilconfig": "^2.0.3",
        "yaml": "^1.10.2"
      }
    },
    "cssnano-preset-default": {
      "version": "5.1.11",
      "resolved": "https://registry.npmjs.org/cssnano-preset-default/-/cssnano-preset-default-5.1.11.tgz",
      "integrity": "sha512-ETet5hqHxmzQq2ynXMOQofKuLm7VOjMiOB7E2zdtm/hSeCKlD9fabzIUV4GoPcRyJRHi+4kGf0vsfGYbQ4nmPw==",
      "requires": {
        "css-declaration-sorter": "^6.0.3",
        "cssnano-utils": "^3.0.1",
        "postcss-calc": "^8.2.0",
        "postcss-colormin": "^5.2.4",
        "postcss-convert-values": "^5.0.3",
        "postcss-discard-comments": "^5.0.2",
        "postcss-discard-duplicates": "^5.0.2",
        "postcss-discard-empty": "^5.0.2",
        "postcss-discard-overridden": "^5.0.3",
        "postcss-merge-longhand": "^5.0.5",
        "postcss-merge-rules": "^5.0.5",
        "postcss-minify-font-values": "^5.0.3",
        "postcss-minify-gradients": "^5.0.5",
        "postcss-minify-params": "^5.0.4",
        "postcss-minify-selectors": "^5.1.2",
        "postcss-normalize-charset": "^5.0.2",
        "postcss-normalize-display-values": "^5.0.2",
        "postcss-normalize-positions": "^5.0.3",
        "postcss-normalize-repeat-style": "^5.0.3",
        "postcss-normalize-string": "^5.0.3",
        "postcss-normalize-timing-functions": "^5.0.2",
        "postcss-normalize-unicode": "^5.0.3",
        "postcss-normalize-url": "^5.0.4",
        "postcss-normalize-whitespace": "^5.0.3",
        "postcss-ordered-values": "^5.0.4",
        "postcss-reduce-initial": "^5.0.2",
        "postcss-reduce-transforms": "^5.0.3",
        "postcss-svgo": "^5.0.3",
        "postcss-unique-selectors": "^5.0.3"
      }
    },
    "cssnano-utils": {
      "version": "3.0.1",
      "resolved": "https://registry.npmjs.org/cssnano-utils/-/cssnano-utils-3.0.1.tgz",
      "integrity": "sha512-VNCHL364lh++/ono+S3j9NlUK+d97KNkxI77NlqZU2W3xd2/qmyN61dsa47pTpb55zuU4G4lI7qFjAXZJH1OAQ=="
    },
    "csso": {
      "version": "4.2.0",
      "resolved": "https://registry.npmjs.org/csso/-/csso-4.2.0.tgz",
      "integrity": "sha512-wvlcdIbf6pwKEk7vHj8/Bkc0B4ylXZruLvOgs9doS5eOsOpuodOV2zJChSpkp+pRpYQLQMeF04nr3Z68Sta9jA==",
      "requires": {
        "css-tree": "^1.1.2"
      }
    },
    "dom-serializer": {
      "version": "1.3.2",
      "resolved": "https://registry.npmjs.org/dom-serializer/-/dom-serializer-1.3.2.tgz",
      "integrity": "sha512-5c54Bk5Dw4qAxNOI1pFEizPSjVsx5+bpJKmL2kPn8JhBUq2q09tTCa3mjijun2NfK78NMouDYNMBkOrPZiS+ig==",
      "requires": {
        "domelementtype": "^2.0.1",
        "domhandler": "^4.2.0",
        "entities": "^2.0.0"
      }
    },
    "domelementtype": {
      "version": "2.2.0",
      "resolved": "https://registry.npmjs.org/domelementtype/-/domelementtype-2.2.0.tgz",
      "integrity": "sha512-DtBMo82pv1dFtUmHyr48beiuq792Sxohr+8Hm9zoxklYPfa6n0Z3Byjj2IV7bmr2IyqClnqEQhfgHJJ5QF0R5A=="
    },
    "domhandler": {
      "version": "4.3.0",
      "resolved": "https://registry.npmjs.org/domhandler/-/domhandler-4.3.0.tgz",
      "integrity": "sha512-fC0aXNQXqKSFTr2wDNZDhsEYjCiYsDWl3D01kwt25hm1YIPyDGHvvi3rw+PLqHAl/m71MaiF7d5zvBr0p5UB2g==",
      "requires": {
        "domelementtype": "^2.2.0"
      }
    },
    "domutils": {
      "version": "2.8.0",
      "resolved": "https://registry.npmjs.org/domutils/-/domutils-2.8.0.tgz",
      "integrity": "sha512-w96Cjofp72M5IIhpjgobBimYEfoPjx1Vx0BSX9P30WBdZW2WIKU0T1Bd0kz2eNZ9ikjKgHbEyKx8BB6H1L3h3A==",
      "requires": {
        "dom-serializer": "^1.0.1",
        "domelementtype": "^2.2.0",
        "domhandler": "^4.2.0"
      }
    },
    "electron-to-chromium": {
      "version": "1.4.53",
      "resolved": "https://registry.npmjs.org/electron-to-chromium/-/electron-to-chromium-1.4.53.tgz",
      "integrity": "sha512-rFveSKQczlcav+H3zkKqykU6ANseFwXwkl855jOIap5/0gnEcuIhv2ecz6aoTrXavF6I/CEBeRnBnkB51k06ew=="
    },
    "entities": {
      "version": "2.2.0",
      "resolved": "https://registry.npmjs.org/entities/-/entities-2.2.0.tgz",
      "integrity": "sha512-p92if5Nz619I0w+akJrLZH0MX0Pb5DX39XOwQTtXSdQQOaYH03S1uIQp4mhOZtAXrxq4ViO67YTiLBo2638o9A=="
    },
    "escalade": {
      "version": "3.1.1",
      "resolved": "https://registry.npmjs.org/escalade/-/escalade-3.1.1.tgz",
      "integrity": "sha512-k0er2gUkLf8O0zKJiAhmkTnJlTvINGv7ygDNPbeIsX/TJjGJZHuh9B2UxbsaEkmlEo9MfhrSzmhIlhRlI2GXnw=="
    },
    "last-call-webpack-plugin": {
      "version": "2.1.2",
      "resolved": "https://registry.npmjs.org/last-call-webpack-plugin/-/last-call-webpack-plugin-2.1.2.tgz",
      "integrity": "sha512-CZc+m2xZm51J8qSwdODeiiNeqh8CYkKEq6Rw8IkE4i/4yqf2cJhjQPsA6BtAV970ePRNhwEOXhy2U5xc5Jwh9Q==",
      "requires": {
        "lodash": "^4.17.4",
        "webpack-sources": "^1.0.1"
      },
      "dependencies": {
        "source-list-map": {
          "version": "2.0.0",
          "resolved": "https://registry.npmjs.org/source-list-map/-/source-list-map-2.0.0.tgz",
          "integrity": "sha512-I2UmuJSRr/T8jisiROLU3A3ltr+swpniSmNPI4Ml3ZCX6tVnDsuZzK7F2hl5jTqbZBWCEKlj5HRQiPExXLgE8A=="
        },
        "webpack-sources": {
          "version": "1.0.1",
          "resolved": "https://registry.npmjs.org/webpack-sources/-/webpack-sources-1.0.1.tgz",
          "integrity": "sha512-05tMxipUCwHqYaVS8xc7sYPTly8PzXayRCB4dTxLhWTqlKUiwH6ezmEe0OSreL1c30LAuA3Zqmc+uEBUGFJDjw==",
          "requires": {
            "source-list-map": "^2.0.0",
            "source-map": "~0.5.3"
          }
        }
      }
    },
    "lilconfig": {
      "version": "2.0.4",
      "resolved": "https://registry.npmjs.org/lilconfig/-/lilconfig-2.0.4.tgz",
      "integrity": "sha512-bfTIN7lEsiooCocSISTWXkiWJkRqtL9wYtYy+8EK3Y41qh3mpwPU0ycTOgjdY9ErwXCc8QyrQp82bdL0Xkm9yA=="
    },
    "lodash": {
      "version": "4.17.4",
      "resolved": "https://registry.npmjs.org/lodash/-/lodash-4.17.4.tgz",
      "integrity": "sha1-eCA6TRwyiuHYbcpkYONptX9AVa4="
    },
    "lodash.memoize": {
      "version": "4.1.2",
      "resolved": "https://registry.npmjs.org/lodash.memoize/-/lodash.memoize-4.1.2.tgz",
      "integrity": "sha1-vMbEmkKihA7Zl/Mj6tpezRguC/4="
    },
    "lodash.uniq": {
      "version": "4.5.0",
      "resolved": "https://registry.npmjs.org/lodash.uniq/-/lodash.uniq-4.5.0.tgz",
      "integrity": "sha1-0CJTc662Uq3BvILklFM5qEJ1R3M="
    },
    "mdn-data": {
      "version": "2.0.14",
      "resolved": "https://registry.npmjs.org/mdn-data/-/mdn-data-2.0.14.tgz",
      "integrity": "sha512-dn6wd0uw5GsdswPFfsgMp5NSB0/aDe6fK94YJV/AJDYXL6HVLWBsxeq7js7Ad+mU2K9LAlwpk6kN2D5mwCPVow=="
    },
    "node-releases": {
      "version": "2.0.1",
      "resolved": "https://registry.npmjs.org/node-releases/-/node-releases-2.0.1.tgz",
      "integrity": "sha512-CqyzN6z7Q6aMeF/ktcMVTzhAHCEpf8SOarwpzpf8pNBY2k5/oM34UHldUwp8VKI7uxct2HxSRdJjBaZeESzcxA=="
    },
    "normalize-url": {
      "version": "6.1.0",
      "resolved": "https://registry.npmjs.org/normalize-url/-/normalize-url-6.1.0.tgz",
      "integrity": "sha512-DlL+XwOy3NxAQ8xuC0okPgK46iuVNAK01YN7RueYBqqFeGsBjV9XmCAzAdgt+667bCl5kPh9EqKKDwnaPG1I7A=="
    },
    "nth-check": {
      "version": "2.0.1",
      "resolved": "https://registry.npmjs.org/nth-check/-/nth-check-2.0.1.tgz",
      "integrity": "sha512-it1vE95zF6dTT9lBsYbxvqh0Soy4SPowchj0UBGj/V6cTPnXXtQOPUbhZ6CmGzAD/rW22LQK6E96pcdJXk4A4w==",
      "requires": {
        "boolbase": "^1.0.0"
      }
    },
    "picocolors": {
      "version": "1.0.0",
      "resolved": "https://registry.npmjs.org/picocolors/-/picocolors-1.0.0.tgz",
      "integrity": "sha512-1fygroTLlHu66zi26VoTDv8yRgm0Fccecssto+MhsZ0D/DGW2sm8E8AjW7NU5VVTRt5GxbeZ5qBuJr+HyLYkjQ=="
    },
    "postcss-calc": {
      "version": "8.2.2",
      "resolved": "https://registry.npmjs.org/postcss-calc/-/postcss-calc-8.2.2.tgz",
      "integrity": "sha512-B5R0UeB4zLJvxNt1FVCaDZULdzsKLPc6FhjFJ+xwFiq7VG4i9cuaJLxVjNtExNK8ocm3n2o4unXXLiVX1SCqxA==",
      "requires": {
        "postcss-selector-parser": "^6.0.2",
        "postcss-value-parser": "^4.0.2"
      }
    },
    "postcss-colormin": {
      "version": "5.2.4",
      "resolved": "https://registry.npmjs.org/postcss-colormin/-/postcss-colormin-5.2.4.tgz",
      "integrity": "sha512-rYlC5015aNqVQt/B6Cy156g7sH5tRUJGmT9xeagYthtKehetbKx7jHxhyLpulP4bs4vbp8u/B2rac0J7S7qPQg==",
      "requires": {
        "browserslist": "^4.16.6",
        "caniuse-api": "^3.0.0",
        "colord": "^2.9.1",
        "postcss-value-parser": "^4.2.0"
      }
    },
    "postcss-convert-values": {
      "version": "5.0.3",
      "resolved": "https://registry.npmjs.org/postcss-convert-values/-/postcss-convert-values-5.0.3.tgz",
      "integrity": "sha512-fVkjHm2T0PSMqXUCIhHNWVGjhB9mHEWX2GboVs7j3iCgr6FpIl9c/IdXy0PHWZSQ9LFTRgmj98amxJE6KOnlsA==",
      "requires": {
        "postcss-value-parser": "^4.2.0"
      }
    },
    "postcss-discard-comments": {
      "version": "5.0.2",
      "resolved": "https://registry.npmjs.org/postcss-discard-comments/-/postcss-discard-comments-5.0.2.tgz",
      "integrity": "sha512-6VQ3pYTsJHEsN2Bic88Aa7J/Brn4Bv8j/rqaFQZkH+pcVkKYwxCIvoMQkykEW7fBjmofdTnQgcivt5CCBJhtrg=="
    },
    "postcss-discard-duplicates": {
      "version": "5.0.2",
      "resolved": "https://registry.npmjs.org/postcss-discard-duplicates/-/postcss-discard-duplicates-5.0.2.tgz",
      "integrity": "sha512-LKY81YjUjc78p6rbXIsnppsaFo8XzCoMZkXVILJU//sK0DgPkPSpuq/cZvHss3EtdKvWNYgWzQL+wiJFtEET4g=="
    },
    "postcss-discard-empty": {
      "version": "5.0.2",
      "resolved": "https://registry.npmjs.org/postcss-discard-empty/-/postcss-discard-empty-5.0.2.tgz",
      "integrity": "sha512-SxBsbTjlsKUvZLL+dMrdWauuNZU8TBq5IOL/DHa6jBUSXFEwmDqeXRfTIK/FQpPTa8MJMxEHjSV3UbiuyLARPQ=="
    },
    "postcss-discard-overridden": {
      "version": "5.0.3",
      "resolved": "https://registry.npmjs.org/postcss-discard-overridden/-/postcss-discard-overridden-5.0.3.tgz",
      "integrity": "sha512-yRTXknIZA4k8Yo4FiF1xbsLj/VBxfXEWxJNIrtIy6HC9KQ4xJxcPtoaaskh6QptCGrrcGnhKsTsENTRPZOBu4g=="
    },
    "postcss-merge-longhand": {
      "version": "5.0.5",
      "resolved": "https://registry.npmjs.org/postcss-merge-longhand/-/postcss-merge-longhand-5.0.5.tgz",
      "integrity": "sha512-R2BCPJJ/U2oh1uTWEYn9CcJ7MMcQ1iIbj9wfr2s/zHu5om5MP/ewKdaunpfJqR1WYzqCsgnXuRoVXPAzxdqy8g==",
      "requires": {
        "postcss-value-parser": "^4.2.0",
        "stylehacks": "^5.0.2"
      }
    },
    "postcss-merge-rules": {
      "version": "5.0.5",
      "resolved": "https://registry.npmjs.org/postcss-merge-rules/-/postcss-merge-rules-5.0.5.tgz",
      "integrity": "sha512-3Oa26/Pb9VOFVksJjFG45SNoe4nhGvJ2Uc6TlRimqF8uhfOCEhVCaJ3rvEat5UFOn2UZqTY5Da8dFgCh3Iq0Ug==",
      "requires": {
        "browserslist": "^4.16.6",
        "caniuse-api": "^3.0.0",
        "cssnano-utils": "^3.0.1",
        "postcss-selector-parser": "^6.0.5"
      }
    },
    "postcss-minify-font-values": {
      "version": "5.0.3",
      "resolved": "https://registry.npmjs.org/postcss-minify-font-values/-/postcss-minify-font-values-5.0.3.tgz",
      "integrity": "sha512-bC45rVzEwsLhv/cL1eCjoo2OOjbSk9I7HKFBYnBvtyuIZlf7uMipMATXtA0Fc3jwPo3wuPIW1jRJWKzflMh1sA==",
      "requires": {
        "postcss-value-parser": "^4.2.0"
      }
    },
    "postcss-minify-gradients": {
      "version": "5.0.5",
      "resolved": "https://registry.npmjs.org/postcss-minify-gradients/-/postcss-minify-gradients-5.0.5.tgz",
      "integrity": "sha512-/YjvXs8PepsoiZAIpjstOO4IHKwFAqYNqbA1yVdqklM84tbUUneh6omJxGlRlF3mi6K5Pa067Mg6IwqEnYC8Zg==",
      "requires": {
        "colord": "^2.9.1",
        "cssnano-utils": "^3.0.1",
        "postcss-value-parser": "^4.2.0"
      }
    },
    "postcss-minify-params": {
      "version": "5.0.4",
      "resolved": "https://registry.npmjs.org/postcss-minify-params/-/postcss-minify-params-5.0.4.tgz",
      "integrity": "sha512-Z0vjod9lRZEmEPfEmA2sCfjbfEEFKefMD3RDIQSUfXK4LpCyWkX1CniUgyNvnjJFLDPSxtgKzozhHhPHKoeGkg==",
      "requires": {
        "browserslist": "^4.16.6",
        "cssnano-utils": "^3.0.1",
        "postcss-value-parser": "^4.2.0"
      }
    },
    "postcss-minify-selectors": {
      "version": "5.1.2",
      "resolved": "https://registry.npmjs.org/postcss-minify-selectors/-/postcss-minify-selectors-5.1.2.tgz",
      "integrity": "sha512-gpn1nJDMCf3g32y/7kl+jsdamhiYT+/zmEt57RoT9GmzlixBNRPohI7k8UIHelLABhdLf3MSZhtM33xuH5eQOQ==",
      "requires": {
        "postcss-selector-parser": "^6.0.5"
      }
    },
    "postcss-normalize-charset": {
      "version": "5.0.2",
      "resolved": "https://registry.npmjs.org/postcss-normalize-charset/-/postcss-normalize-charset-5.0.2.tgz",
      "integrity": "sha512-fEMhYXzO8My+gC009qDc/3bgnFP8Fv1Ic8uw4ec4YTlhIOw63tGPk1YFd7fk9bZUf1DAbkhiL/QPWs9JLqdF2g=="
    },
    "postcss-normalize-display-values": {
      "version": "5.0.2",
      "resolved": "https://registry.npmjs.org/postcss-normalize-display-values/-/postcss-normalize-display-values-5.0.2.tgz",
      "integrity": "sha512-RxXoJPUR0shSjkMMzgEZDjGPrgXUVYyWA/YwQRicb48H15OClPuaDR7tYokLAlGZ2tCSENEN5WxjgxSD5m4cUw==",
      "requires": {
        "postcss-value-parser": "^4.2.0"
      }
    },
    "postcss-normalize-positions": {
      "version": "5.0.3",
      "resolved": "https://registry.npmjs.org/postcss-normalize-positions/-/postcss-normalize-positions-5.0.3.tgz",
      "integrity": "sha512-U+rmhjrNBvIGYqr/1tD4wXPFFMKUbXsYXvlUCzLi0tOCUS6LoeEAnmVXXJY/MEB/1CKZZwBSs2tmzGawcygVBA==",
      "requires": {
        "postcss-value-parser": "^4.2.0"
      }
    },
    "postcss-normalize-repeat-style": {
      "version": "5.0.3",
      "resolved": "https://registry.npmjs.org/postcss-normalize-repeat-style/-/postcss-normalize-repeat-style-5.0.3.tgz",
      "integrity": "sha512-uk1+xYx0AMbA3nLSNhbDrqbf/rx+Iuq5tVad2VNyaxxJzx79oGieJ6D9F6AfOL2GtiIbP7vTYlpYHtG+ERFXTg==",
      "requires": {
        "postcss-value-parser": "^4.2.0"
      }
    },
    "postcss-normalize-string": {
      "version": "5.0.3",
      "resolved": "https://registry.npmjs.org/postcss-normalize-string/-/postcss-normalize-string-5.0.3.tgz",
      "integrity": "sha512-Mf2V4JbIDboNGQhW6xW0YREDiYXoX3WrD3EjKkjvnpAJ6W4qqjLnK/c9aioyVFaWWHVdP5zVRw/9DI5S3oLDFw==",
      "requires": {
        "postcss-value-parser": "^4.2.0"
      }
    },
    "postcss-normalize-timing-functions": {
      "version": "5.0.2",
      "resolved": "https://registry.npmjs.org/postcss-normalize-timing-functions/-/postcss-normalize-timing-functions-5.0.2.tgz",
      "integrity": "sha512-Ao0PP6MoYsRU1LxeVUW740ioknvdIUmfr6uAA3xWlQJ9s69/Tupy8qwhuKG3xWfl+KvLMAP9p2WXF9cwuk/7Bg==",
      "requires": {
        "postcss-value-parser": "^4.2.0"
      }
    },
    "postcss-normalize-unicode": {
      "version": "5.0.3",
      "resolved": "https://registry.npmjs.org/postcss-normalize-unicode/-/postcss-normalize-unicode-5.0.3.tgz",
      "integrity": "sha512-uNC7BmS/7h6to2UWa4RFH8sOTzu2O9dVWPE/F9Vm9GdhONiD/c1kNaCLbmsFHlKWcEx7alNUChQ+jH/QAlqsQw==",
      "requires": {
        "browserslist": "^4.16.6",
        "postcss-value-parser": "^4.2.0"
      }
    },
    "postcss-normalize-url": {
      "version": "5.0.4",
      "resolved": "https://registry.npmjs.org/postcss-normalize-url/-/postcss-normalize-url-5.0.4.tgz",
      "integrity": "sha512-cNj3RzK2pgQQyNp7dzq0dqpUpQ/wYtdDZM3DepPmFjCmYIfceuD9VIAcOdvrNetjIU65g1B4uwdP/Krf6AFdXg==",
      "requires": {
        "normalize-url": "^6.0.1",
        "postcss-value-parser": "^4.2.0"
      }
    },
    "postcss-normalize-whitespace": {
      "version": "5.0.3",
      "resolved": "https://registry.npmjs.org/postcss-normalize-whitespace/-/postcss-normalize-whitespace-5.0.3.tgz",
      "integrity": "sha512-333JWRnX655fSoUbufJ10HJop3c8mrpKkCCUnEmgz/Cb/QEtW+/TMZwDAUt4lnwqP6tCCk0x0b58jqvDgiQm/A==",
      "requires": {
        "postcss-value-parser": "^4.2.0"
      }
    },
    "postcss-ordered-values": {
      "version": "5.0.4",
      "resolved": "https://registry.npmjs.org/postcss-ordered-values/-/postcss-ordered-values-5.0.4.tgz",
      "integrity": "sha512-taKtGDZtyYUMVYkg+MuJeBUiTF6cGHZmo/qcW7ibvW79UlyKuSHbo6dpCIiqI+j9oJsXWzP+ovIxoyLDOeQFdw==",
      "requires": {
        "cssnano-utils": "^3.0.1",
        "postcss-value-parser": "^4.2.0"
      }
    },
    "postcss-reduce-initial": {
      "version": "5.0.2",
      "resolved": "https://registry.npmjs.org/postcss-reduce-initial/-/postcss-reduce-initial-5.0.2.tgz",
      "integrity": "sha512-v/kbAAQ+S1V5v9TJvbGkV98V2ERPdU6XvMcKMjqAlYiJ2NtsHGlKYLPjWWcXlaTKNxooId7BGxeraK8qXvzKtw==",
      "requires": {
        "browserslist": "^4.16.6",
        "caniuse-api": "^3.0.0"
      }
    },
    "postcss-reduce-transforms": {
      "version": "5.0.3",
      "resolved": "https://registry.npmjs.org/postcss-reduce-transforms/-/postcss-reduce-transforms-5.0.3.tgz",
      "integrity": "sha512-yDnTUab5i7auHiNwdcL1f+pBnqQFf+7eC4cbC7D8Lc1FkvNZhtpkdad+9U4wDdFb84haupMf0rA/Zc5LcTe/3A==",
      "requires": {
        "postcss-value-parser": "^4.2.0"
      }
    },
    "postcss-selector-parser": {
      "version": "6.0.9",
      "resolved": "https://registry.npmjs.org/postcss-selector-parser/-/postcss-selector-parser-6.0.9.tgz",
      "integrity": "sha512-UO3SgnZOVTwu4kyLR22UQ1xZh086RyNZppb7lLAKBFK8a32ttG5i87Y/P3+2bRSjZNyJ1B7hfFNo273tKe9YxQ==",
      "requires": {
        "cssesc": "^3.0.0",
        "util-deprecate": "^1.0.2"
      }
    },
    "postcss-svgo": {
      "version": "5.0.3",
      "resolved": "https://registry.npmjs.org/postcss-svgo/-/postcss-svgo-5.0.3.tgz",
      "integrity": "sha512-41XZUA1wNDAZrQ3XgWREL/M2zSw8LJPvb5ZWivljBsUQAGoEKMYm6okHsTjJxKYI4M75RQEH4KYlEM52VwdXVA==",
      "requires": {
        "postcss-value-parser": "^4.1.0",
        "svgo": "^2.7.0"
      }
    },
    "postcss-unique-selectors": {
      "version": "5.0.3",
      "resolved": "https://registry.npmjs.org/postcss-unique-selectors/-/postcss-unique-selectors-5.0.3.tgz",
      "integrity": "sha512-V5tX2hadSSn+miVCluuK1IDGy+7jAXSOfRZ2DQ+s/4uQZb/orDYBjH0CHgFrXsRw78p4QTuEFA9kI6C956UnHQ==",
      "requires": {
        "postcss-selector-parser": "^6.0.5"
      }
    },
    "postcss-value-parser": {
      "version": "4.2.0",
      "resolved": "https://registry.npmjs.org/postcss-value-parser/-/postcss-value-parser-4.2.0.tgz",
      "integrity": "sha512-1NNCs6uurfkVbeXG4S8JFT9t19m45ICnif8zWLd5oPSZ50QnwMfK+H3jv408d4jw/7Bttv5axS5IiHoLaVNHeQ=="
    },
    "source-map": {
      "version": "0.5.6",
      "resolved": "https://registry.npmjs.org/source-map/-/source-map-0.5.6.tgz",
      "integrity": "sha1-dc449SvwczxafwwRjYEzSiu19BI="
    },
    "stable": {
      "version": "0.1.8",
      "resolved": "https://registry.npmjs.org/stable/-/stable-0.1.8.tgz",
      "integrity": "sha512-ji9qxRnOVfcuLDySj9qzhGSEFVobyt1kIOSkj1qZzYLzq7Tos/oUUWvotUPQLlrsidqsK6tBH89Bc9kL5zHA6w=="
    },
    "stylehacks": {
      "version": "5.0.2",
      "resolved": "https://registry.npmjs.org/stylehacks/-/stylehacks-5.0.2.tgz",
      "integrity": "sha512-114zeJdOpTrbQYRD4OU5UWJ99LKUaqCPJTU1HQ/n3q3BwmllFN8kHENaLnOeqVq6AhXrWfxHNZTl33iJ4oy3cQ==",
      "requires": {
        "browserslist": "^4.16.6",
        "postcss-selector-parser": "^6.0.4"
      }
    },
    "svgo": {
      "version": "2.8.0",
      "resolved": "https://registry.npmjs.org/svgo/-/svgo-2.8.0.tgz",
      "integrity": "sha512-+N/Q9kV1+F+UeWYoSiULYo4xYSDQlTgb+ayMobAXPwMnLvop7oxKMo9OzIrX5x3eS4L4f2UHhc9axXwY8DpChg==",
      "requires": {
        "@trysound/sax": "0.2.0",
        "commander": "^7.2.0",
        "css-select": "^4.1.3",
        "css-tree": "^1.1.3",
        "csso": "^4.2.0",
        "picocolors": "^1.0.0",
        "stable": "^0.1.8"
      }
    },
    "timsort": {
      "version": "0.3.0",
      "resolved": "https://registry.npmjs.org/timsort/-/timsort-0.3.0.tgz",
      "integrity": "sha1-QFQRqOfmM5/mTbmiNN4R3DHgK9Q="
    },
    "util-deprecate": {
      "version": "1.0.2",
      "resolved": "https://registry.npmjs.org/util-deprecate/-/util-deprecate-1.0.2.tgz",
      "integrity": "sha1-RQ1Nyfpw3nMnYvvS1KKJgUGaDM8="
    },
    "yaml": {
      "version": "1.10.2",
      "resolved": "https://registry.npmjs.org/yaml/-/yaml-1.10.2.tgz",
      "integrity": "sha512-r3vXyErRCYJ7wg28yvBY5VSoAF8ZvlcW9/BwUzEtUsjvX/DKs24dIkuwjtuprwJJHsbyUbLApepYTR1BN4uHrg=="
    }
  }
}
